// !$*UTF8*$!
{
	archiveVersion = 1;
	classes = {
	};
	objectVersion = 46;
	objects = {

/* Begin PBXBuildFile section */
		09F421501E6FA630008E91A5 /* main.m in Sources */ = {isa = PBXBuildFile; fileRef = 09F4214F1E6FA630008E91A5 /* main.m */; };
		09F421531E6FA630008E91A5 /* AppDelegate.m in Sources */ = {isa = PBXBuildFile; fileRef = 09F421521E6FA630008E91A5 /* AppDelegate.m */; };
		09F421561E6FA630008E91A5 /* ViewController.m in Sources */ = {isa = PBXBuildFile; fileRef = 09F421551E6FA630008E91A5 /* ViewController.m */; };
		09F421591E6FA630008E91A5 /* Main.storyboard in Resources */ = {isa = PBXBuildFile; fileRef = 09F421571E6FA630008E91A5 /* Main.storyboard */; };
		09F4215C1E6FA630008E91A5 /* demo.xcdatamodeld in Sources */ = {isa = PBXBuildFile; fileRef = 09F4215A1E6FA630008E91A5 /* demo.xcdatamodeld */; };
		09F4215E1E6FA630008E91A5 /* Assets.xcassets in Resources */ = {isa = PBXBuildFile; fileRef = 09F4215D1E6FA630008E91A5 /* Assets.xcassets */; };
		09F421611E6FA630008E91A5 /* LaunchScreen.storyboard in Resources */ = {isa = PBXBuildFile; fileRef = 09F4215F1E6FA630008E91A5 /* LaunchScreen.storyboard */; };
		09F4216C1E6FA630008E91A5 /* demoTests.m in Sources */ = {isa = PBXBuildFile; fileRef = 09F4216B1E6FA630008E91A5 /* demoTests.m */; };
		09F421771E6FA630008E91A5 /* demoUITests.m in Sources */ = {isa = PBXBuildFile; fileRef = 09F421761E6FA630008E91A5 /* demoUITests.m */; };
/* End PBXBuildFile section */

/* Begin PBXContainerItemProxy section */
		09F421681E6FA630008E91A5 /* PBXContainerItemProxy */ = {
			isa = PBXContainerItemProxy;
			containerPortal = 09F421431E6FA630008E91A5 /* Project object */;
			proxyType = 1;
			remoteGlobalIDString = 09F4214A1E6FA630008E91A5;
			remoteInfo = demo;
		};
		09F421731E6FA630008E91A5 /* PBXContainerItemProxy */ = {
			isa = PBXContainerItemProxy;
			containerPortal = 09F421431E6FA630008E91A5 /* Project object */;
			proxyType = 1;
			remoteGlobalIDString = 09F4214A1E6FA630008E91A5;
			remoteInfo = demo;
		};
/* End PBXContainerItemProxy section */

/* Begin PBXFileReference section */
		09F4214B1E6FA630008E91A5 /* demo.app */ = {isa = PBXFileReference; explicitFileType = wrapper.application; includeInIndex = 0; path = demo.app; sourceTree = BUILT_PRODUCTS_DIR; };
		09F4214F1E6FA630008E91A5 /* main.m */ = {isa = PBXFileReference; lastKnownFileType = sourcecode.c.objc; path = main.m; sourceTree = "<group>"; };
		09F421511E6FA630008E91A5 /* AppDelegate.h */ = {isa = PBXFileReference; lastKnownFileType = sourcecode.c.h; path = AppDelegate.h; sourceTree = "<group>"; };
		09F421521E6FA630008E91A5 /* AppDelegate.m */ = {isa = PBXFileReference; lastKnownFileType = sourcecode.c.objc; path = AppDelegate.m; sourceTree = "<group>"; };
		09F421541E6FA630008E91A5 /* ViewController.h */ = {isa = PBXFileReference; lastKnownFileType = sourcecode.c.h; path = ViewController.h; sourceTree = "<group>"; };
		09F421551E6FA630008E91A5 /* ViewController.m */ = {isa = PBXFileReference; lastKnownFileType = sourcecode.c.objc; path = ViewController.m; sourceTree = "<group>"; };
		09F421581E6FA630008E91A5 /* Base */ = {isa = PBXFileReference; lastKnownFileType = file.storyboard; name = Base; path = Base.lproj/Main.storyboard; sourceTree = "<group>"; };
		09F4215B1E6FA630008E91A5 /* demo.xcdatamodel */ = {isa = PBXFileReference; lastKnownFileType = wrapper.xcdatamodel; path = demo.xcdatamodel; sourceTree = "<group>"; };
		09F4215D1E6FA630008E91A5 /* Assets.xcassets */ = {isa = PBXFileReference; lastKnownFileType = folder.assetcatalog; path = Assets.xcassets; sourceTree = "<group>"; };
		09F421601E6FA630008E91A5 /* Base */ = {isa = PBXFileReference; lastKnownFileType = file.storyboard; name = Base; path = Base.lproj/LaunchScreen.storyboard; sourceTree = "<group>"; };
		09F421621E6FA630008E91A5 /* Info.plist */ = {isa = PBXFileReference; lastKnownFileType = text.plist.xml; path = Info.plist; sourceTree = "<group>"; };
		09F421671E6FA630008E91A5 /* demoTests.xctest */ = {isa = PBXFileReference; explicitFileType = wrapper.cfbundle; includeInIndex = 0; path = demoTests.xctest; sourceTree = BUILT_PRODUCTS_DIR; };
		09F4216B1E6FA630008E91A5 /* demoTests.m */ = {isa = PBXFileReference; lastKnownFileType = sourcecode.c.objc; path = demoTests.m; sourceTree = "<group>"; };
		09F4216D1E6FA630008E91A5 /* Info.plist */ = {isa = PBXFileReference; lastKnownFileType = text.plist.xml; path = Info.plist; sourceTree = "<group>"; };
		09F421721E6FA630008E91A5 /* demoUITests.xctest */ = {isa = PBXFileReference; explicitFileType = wrapper.cfbundle; includeInIndex = 0; path = demoUITests.xctest; sourceTree = BUILT_PRODUCTS_DIR; };
		09F421761E6FA630008E91A5 /* demoUITests.m */ = {isa = PBXFileReference; lastKnownFileType = sourcecode.c.objc; path = demoUITests.m; sourceTree = "<group>"; };
		09F421781E6FA630008E91A5 /* Info.plist */ = {isa = PBXFileReference; lastKnownFileType = text.plist.xml; path = Info.plist; sourceTree = "<group>"; };
/* End PBXFileReference section */

/* Begin PBXFrameworksBuildPhase section */
		09F421481E6FA630008E91A5 /* Frameworks */ = {
			isa = PBXFrameworksBuildPhase;
			buildActionMask = 2147483647;
			files = (
			);
			runOnlyForDeploymentPostprocessing = 0;
		};
		09F421641E6FA630008E91A5 /* Frameworks */ = {
			isa = PBXFrameworksBuildPhase;
			buildActionMask = 2147483647;
			files = (
			);
			runOnlyForDeploymentPostprocessing = 0;
		};
		09F4216F1E6FA630008E91A5 /* Frameworks */ = {
			isa = PBXFrameworksBuildPhase;
			buildActionMask = 2147483647;
			files = (
			);
			runOnlyForDeploymentPostprocessing = 0;
		};
/* End PBXFrameworksBuildPhase section */

/* Begin PBXGroup section */
		09F421421E6FA630008E91A5 = {
			isa = PBXGroup;
			children = (
				09F4214D1E6FA630008E91A5 /* demo */,
				09F4216A1E6FA630008E91A5 /* demoTests */,
				09F421751E6FA630008E91A5 /* demoUITests */,
				09F4214C1E6FA630008E91A5 /* Products */,
			);
			sourceTree = "<group>";
		};
		09F4214C1E6FA630008E91A5 /* Products */ = {
			isa = PBXGroup;
			children = (
				09F4214B1E6FA630008E91A5 /* demo.app */,
				09F421671E6FA630008E91A5 /* demoTests.xctest */,
				09F421721E6FA630008E91A5 /* demoUITests.xctest */,
			);
			name = Products;
			sourceTree = "<group>";
		};
		09F4214D1E6FA630008E91A5 /* demo */ = {
			isa = PBXGroup;
			children = (
				09F421511E6FA630008E91A5 /* AppDelegate.h */,
				09F421521E6FA630008E91A5 /* AppDelegate.m */,
				09F421541E6FA630008E91A5 /* ViewController.h */,
				09F421551E6FA630008E91A5 /* ViewController.m */,
				09F421571E6FA630008E91A5 /* Main.storyboard */,
				09F4215D1E6FA630008E91A5 /* Assets.xcassets */,
				09F4215F1E6FA630008E91A5 /* LaunchScreen.storyboard */,
				09F421621E6FA630008E91A5 /* Info.plist */,
				09F4215A1E6FA630008E91A5 /* demo.xcdatamodeld */,
				09F4214E1E6FA630008E91A5 /* Supporting Files */,
			);
			path = demo;
			sourceTree = "<group>";
		};
		09F4214E1E6FA630008E91A5 /* Supporting Files */ = {
			isa = PBXGroup;
			children = (
				09F4214F1E6FA630008E91A5 /* main.m */,
			);
			name = "Supporting Files";
			sourceTree = "<group>";
		};
		09F4216A1E6FA630008E91A5 /* demoTests */ = {
			isa = PBXGroup;
			children = (
				09F4216B1E6FA630008E91A5 /* demoTests.m */,
				09F4216D1E6FA630008E91A5 /* Info.plist */,
			);
			path = demoTests;
			sourceTree = "<group>";
		};
		09F421751E6FA630008E91A5 /* demoUITests */ = {
			isa = PBXGroup;
			children = (
				09F421761E6FA630008E91A5 /* demoUITests.m */,
				09F421781E6FA630008E91A5 /* Info.plist */,
			);
			path = demoUITests;
			sourceTree = "<group>";
		};
/* End PBXGroup section */

/* Begin PBXNativeTarget section */
		09F4214A1E6FA630008E91A5 /* demo */ = {
			isa = PBXNativeTarget;
			buildConfigurationList = 09F4217B1E6FA630008E91A5 /* Build configuration list for PBXNativeTarget "demo" */;
			buildPhases = (
				09F421471E6FA630008E91A5 /* Sources */,
				09F421481E6FA630008E91A5 /* Frameworks */,
				09F421491E6FA630008E91A5 /* Resources */,
			);
			buildRules = (
			);
			dependencies = (
			);
			name = demo;
			productName = demo;
			productReference = 09F4214B1E6FA630008E91A5 /* demo.app */;
			productType = "com.apple.product-type.application";
		};
		09F421661E6FA630008E91A5 /* demoTests */ = {
			isa = PBXNativeTarget;
			buildConfigurationList = 09F4217E1E6FA630008E91A5 /* Build configuration list for PBXNativeTarget "demoTests" */;
			buildPhases = (
				09F421631E6FA630008E91A5 /* Sources */,
				09F421641E6FA630008E91A5 /* Frameworks */,
				09F421651E6FA630008E91A5 /* Resources */,
			);
			buildRules = (
			);
			dependencies = (
				09F421691E6FA630008E91A5 /* PBXTargetDependency */,
			);
			name = demoTests;
			productName = demoTests;
			productReference = 09F421671E6FA630008E91A5 /* demoTests.xctest */;
			productType = "com.apple.product-type.bundle.unit-test";
		};
		09F421711E6FA630008E91A5 /* demoUITests */ = {
			isa = PBXNativeTarget;
			buildConfigurationList = 09F421811E6FA630008E91A5 /* Build configuration list for PBXNativeTarget "demoUITests" */;
			buildPhases = (
				09F4216E1E6FA630008E91A5 /* Sources */,
				09F4216F1E6FA630008E91A5 /* Frameworks */,
				09F421701E6FA630008E91A5 /* Resources */,
			);
			buildRules = (
			);
			dependencies = (
				09F421741E6FA630008E91A5 /* PBXTargetDependency */,
			);
			name = demoUITests;
			productName = demoUITests;
			productReference = 09F421721E6FA630008E91A5 /* demoUITests.xctest */;
			productType = "com.apple.product-type.bundle.ui-testing";
		};
/* End PBXNativeTarget section */

/* Begin PBXProject section */
		09F421431E6FA630008E91A5 /* Project object */ = {
			isa = PBXProject;
			attributes = {
				LastUpgradeCheck = 0820;
				ORGANIZATIONNAME = "JEEVAN TIWARI";
				TargetAttributes = {
					09F4214A1E6FA630008E91A5 = {
						CreatedOnToolsVersion = 8.2.1;
						DevelopmentTeam = PLVJ6J55SA;
						ProvisioningStyle = Automatic;
					};
					09F421661E6FA630008E91A5 = {
						CreatedOnToolsVersion = 8.2.1;
						ProvisioningStyle = Automatic;
						TestTargetID = 09F4214A1E6FA630008E91A5;
					};
					09F421711E6FA630008E91A5 = {
						CreatedOnToolsVersion = 8.2.1;
						ProvisioningStyle = Automatic;
						TestTargetID = 09F4214A1E6FA630008E91A5;
					};
				};
			};
			buildConfigurationList = 09F421461E6FA630008E91A5 /* Build configuration list for PBXProject "demo" */;
			compatibilityVersion = "Xcode 3.2";
			developmentRegion = English;
			hasScannedForEncodings = 0;
			knownRegions = (
				en,
				Base,
			);
			mainGroup = 09F421421E6FA630008E91A5;
			productRefGroup = 09F4214C1E6FA630008E91A5 /* Products */;
			projectDirPath = "";
			projectRoot = "";
			targets = (
				09F4214A1E6FA630008E91A5 /* demo */,
				09F421661E6FA630008E91A5 /* demoTests */,
				09F421711E6FA630008E91A5 /* demoUITests */,
			);
		};
/* End PBXProject section */

/* Begin PBXResourcesBuildPhase section */
		09F421491E6FA630008E91A5 /* Resources */ = {
			isa = PBXResourcesBuildPhase;
			buildActionMask = 2147483647;
			files = (
				09F421611E6FA630008E91A5 /* LaunchScreen.storyboard in Resources */,
				09F4215E1E6FA630008E91A5 /* Assets.xcassets in Resources */,
				09F421591E6FA630008E91A5 /* Main.storyboard in Resources */,
			);
			runOnlyForDeploymentPostprocessing = 0;
		};
		09F421651E6FA630008E91A5 /* Resources */ = {
			isa = PBXResourcesBuildPhase;
			buildActionMask = 2147483647;
			files = (
			);
			runOnlyForDeploymentPostprocessing = 0;
		};
		09F421701E6FA630008E91A5 /* Resources */ = {
			isa = PBXResourcesBuildPhase;
			buildActionMask = 2147483647;
			files = (
			);
			runOnlyForDeploymentPostprocessing = 0;
		};
/* End PBXResourcesBuildPhase section */

/* Begin PBXSourcesBuildPhase section */
		09F421471E6FA630008E91A5 /* Sources */ = {
			isa = PBXSourcesBuildPhase;
			buildActionMask = 2147483647;
			files = (
				09F421561E6FA630008E91A5 /* ViewController.m in Sources */,
				09F421531E6FA630008E91A5 /* AppDelegate.m in Sources */,
				09F4215C1E6FA630008E91A5 /* demo.xcdatamodeld in Sources */,
				09F421501E6FA630008E91A5 /* main.m in Sources */,
			);
			runOnlyForDeploymentPostprocessing = 0;
		};
		09F421631E6FA630008E91A5 /* Sources */ = {
			isa = PBXSourcesBuildPhase;
			buildActionMask = 2147483647;
			files = (
				09F4216C1E6FA630008E91A5 /* demoTests.m in Sources */,
			);
			runOnlyForDeploymentPostprocessing = 0;
		};
		09F4216E1E6FA630008E91A5 /* Sources */ = {
			isa = PBXSourcesBuildPhase;
			buildActionMask = 2147483647;
			files = (
				09F421771E6FA630008E91A5 /* demoUITests.m in Sources */,
			);
			runOnlyForDeploymentPostprocessing = 0;
		};
/* End PBXSourcesBuildPhase section */

/* Begin PBXTargetDependency section */
		09F421691E6FA630008E91A5 /* PBXTargetDependency */ = {
			isa = PBXTargetDependency;
			target = 09F4214A1E6FA630008E91A5 /* demo */;
			targetProxy = 09F421681E6FA630008E91A5 /* PBXContainerItemProxy */;
		};
		09F421741E6FA630008E91A5 /* PBXTargetDependency */ = {
			isa = PBXTargetDependency;
			target = 09F4214A1E6FA630008E91A5 /* demo */;
			targetProxy = 09F421731E6FA630008E91A5 /* PBXContainerItemProxy */;
		};
/* End PBXTargetDependency section */

/* Begin PBXVariantGroup section */
		09F421571E6FA630008E91A5 /* Main.storyboard */ = {
			isa = PBXVariantGroup;
			children = (
				09F421581E6FA630008E91A5 /* Base */,
			);
			name = Main.storyboard;
			sourceTree = "<group>";
		};
		09F4215F1E6FA630008E91A5 /* LaunchScreen.storyboard */ = {
			isa = PBXVariantGroup;
			children = (
				09F421601E6FA630008E91A5 /* Base */,
			);
			name = LaunchScreen.storyboard;
			sourceTree = "<group>";
		};
/* End PBXVariantGroup section */

/* Begin XCBuildConfiguration section */
		09F421791E6FA630008E91A5 /* Debug */ = {
			isa = XCBuildConfiguration;
			buildSettings = {
				ALWAYS_SEARCH_USER_PATHS = NO;
				CLANG_ANALYZER_NONNULL = YES;
				CLANG_CXX_LANGUAGE_STANDARD = "gnu++0x";
				CLANG_CXX_LIBRARY = "libc++";
				CLANG_ENABLE_MODULES = YES;
				CLANG_ENABLE_OBJC_ARC = YES;
				CLANG_WARN_BOOL_CONVERSION = YES;
				CLANG_WARN_CONSTANT_CONVERSION = YES;
				CLANG_WARN_DIRECT_OBJC_ISA_USAGE = YES_ERROR;
				CLANG_WARN_DOCUMENTATION_COMMENTS = YES;
				CLANG_WARN_EMPTY_BODY = YES;
				CLANG_WARN_ENUM_CONVERSION = YES;
				CLANG_WARN_INFINITE_RECURSION = YES;
				CLANG_WARN_INT_CONVERSION = YES;
				CLANG_WARN_OBJC_ROOT_CLASS = YES_ERROR;
				CLANG_WARN_SUSPICIOUS_MOVE = YES;
				CLANG_WARN_UNREACHABLE_CODE = YES;
				CLANG_WARN__DUPLICATE_METHOD_MATCH = YES;
				"CODE_SIGN_IDENTITY[sdk=iphoneos*]" = "iPhone Developer";
				COPY_PHASE_STRIP = NO;
				DEBUG_INFORMATION_FORMAT = dwarf;
				ENABLE_STRICT_OBJC_MSGSEND = YES;
				ENABLE_TESTABILITY = YES;
				GCC_C_LANGUAGE_STANDARD = gnu99;
				GCC_DYNAMIC_NO_PIC = NO;
				GCC_NO_COMMON_BLOCKS = YES;
				GCC_OPTIMIZATION_LEVEL = 0;
				GCC_PREPROCESSOR_DEFINITIONS = (
					"DEBUG=1",
					"$(inherited)",
				);
				GCC_WARN_64_TO_32_BIT_CONVERSION = YES;
				GCC_WARN_ABOUT_RETURN_TYPE = YES_ERROR;
				GCC_WARN_UNDECLARED_SELECTOR = YES;
				GCC_WARN_UNINITIALIZED_AUTOS = YES_AGGRESSIVE;
				GCC_WARN_UNUSED_FUNCTION = YES;
				GCC_WARN_UNUSED_VARIABLE = YES;
				IPHONEOS_DEPLOYMENT_TARGET = 10.2;
				MTL_ENABLE_DEBUG_INFO = YES;
				ONLY_ACTIVE_ARCH = YES;
				SDKROOT = iphoneos;
			};
			name = Debug;
		};
		09F4217A1E6FA630008E91A5 /* Release */ = {
			isa = XCBuildConfiguration;
			buildSettings = {
				ALWAYS_SEARCH_USER_PATHS = NO;
				CLANG_ANALYZER_NONNULL = YES;
				CLANG_CXX_LANGUAGE_STANDARD = "gnu++0x";
				CLANG_CXX_LIBRARY = "libc++";
				CLANG_ENABLE_MODULES = YES;
				CLANG_ENABLE_OBJC_ARC = YES;
				CLANG_WARN_BOOL_CONVERSION = YES;
				CLANG_WARN_CONSTANT_CONVERSION = YES;
				CLANG_WARN_DIRECT_OBJC_ISA_USAGE = YES_ERROR;
				CLANG_WARN_DOCUMENTATION_COMMENTS = YES;
				CLANG_WARN_EMPTY_BODY = YES;
				CLANG_WARN_ENUM_CONVERSION = YES;
				CLANG_WARN_INFINITE_RECURSION = YES;
				CLANG_WARN_INT_CONVERSION = YES;
				CLANG_WARN_OBJC_ROOT_CLASS = YES_ERROR;
				CLANG_WARN_SUSPICIOUS_MOVE = YES;
				CLANG_WARN_UNREACHABLE_CODE = YES;
				CLANG_WARN__DUPLICATE_METHOD_MATCH = YES;
				"CODE_SIGN_IDENTITY[sdk=iphoneos*]" = "iPhone Developer";
				COPY_PHASE_STRIP = NO;
				DEBUG_INFORMATION_FORMAT = "dwarf-with-dsym";
				ENABLE_NS_ASSERTIONS = NO;
				ENABLE_STRICT_OBJC_MSGSEND = YES;
				GCC_C_LANGUAGE_STANDARD = gnu99;
				GCC_NO_COMMON_BLOCKS = YES;
				GCC_WARN_64_TO_32_BIT_CONVERSION = YES;
				GCC_WARN_ABOUT_RETURN_TYPE = YES_ERROR;
				GCC_WARN_UNDECLARED_SELECTOR = YES;
				GCC_WARN_UNINITIALIZED_AUTOS = YES_AGGRESSIVE;
				GCC_WARN_UNUSED_FUNCTION = YES;
				GCC_WARN_UNUSED_VARIABLE = YES;
				IPHONEOS_DEPLOYMENT_TARGET = 10.2;
				MTL_ENABLE_DEBUG_INFO = NO;
				SDKROOT = iphoneos;
				VALIDATE_PRODUCT = YES;
			};
			name = Release;
		};
		09F4217C1E6FA630008E91A5 /* Debug */ = {
			isa = XCBuildConfiguration;
			buildSettings = {
				ASSETCATALOG_COMPILER_APPICON_NAME = AppIcon;
				DEVELOPMENT_TEAM = PLVJ6J55SA;
				INFOPLIST_FILE = demo/Info.plist;
				LD_RUNPATH_SEARCH_PATHS = "$(inherited) @executable_path/Frameworks";
				PRODUCT_BUNDLE_IDENTIFIER = jeewan.demo;
				PRODUCT_NAME = "$(TARGET_NAME)";
			};
			name = Debug;
		};
		09F4217D1E6FA630008E91A5 /* Release */ = {
			isa = XCBuildConfiguration;
			buildSettings = {
				ASSETCATALOG_COMPILER_APPICON_NAME = AppIcon;
				DEVELOPMENT_TEAM = PLVJ6J55SA;
				INFOPLIST_FILE = demo/Info.plist;
				LD_RUNPATH_SEARCH_PATHS = "$(inherited) @executable_path/Frameworks";
				PRODUCT_BUNDLE_IDENTIFIER = jeewan.demo;
				PRODUCT_NAME = "$(TARGET_NAME)";
			};
			name = Release;
		};
		09F4217F1E6FA630008E91A5 /* Debug */ = {
			isa = XCBuildConfiguration;
			buildSettings = {
				BUNDLE_LOADER = "$(TEST_HOST)";
				INFOPLIST_FILE = demoTests/Info.plist;
				LD_RUNPATH_SEARCH_PATHS = "$(inherited) @executable_path/Frameworks @loader_path/Frameworks";
				PRODUCT_BUNDLE_IDENTIFIER = jeewan.demoTests;
				PRODUCT_NAME = "$(TARGET_NAME)";
				TEST_HOST = "$(BUILT_PRODUCTS_DIR)/demo.app/demo";
			};
			name = Debug;
		};
		09F421801E6FA630008E91A5 /* Release */ = {
			isa = XCBuildConfiguration;
			buildSettings = {
				BUNDLE_LOADER = "$(TEST_HOST)";
				INFOPLIST_FILE = demoTests/Info.plist;
				LD_RUNPATH_SEARCH_PATHS = "$(inherited) @executable_path/Frameworks @loader_path/Frameworks";
				PRODUCT_BUNDLE_IDENTIFIER = jeewan.demoTests;
				PRODUCT_NAME = "$(TARGET_NAME)";
				TEST_HOST = "$(BUILT_PRODUCTS_DIR)/demo.app/demo";
			};
			name = Release;
		};
		09F421821E6FA630008E91A5 /* Debug */ = {
			isa = XCBuildConfiguration;
			buildSettings = {
				INFOPLIST_FILE = demoUITests/Info.plist;
				LD_RUNPATH_SEARCH_PATHS = "$(inherited) @executable_path/Frameworks @loader_path/Frameworks";
				PRODUCT_BUNDLE_IDENTIFIER = jeewan.demoUITests;
				PRODUCT_NAME = "$(TARGET_NAME)";
				TEST_TARGET_NAME = demo;
			};
			name = Debug;
		};
		09F421831E6FA630008E91A5 /* Release */ = {
			isa = XCBuildConfiguration;
			buildSettings = {
				INFOPLIST_FILE = demoUITests/Info.plist;
				LD_RUNPATH_SEARCH_PATHS = "$(inherited) @executable_path/Frameworks @loader_path/Frameworks";
				PRODUCT_BUNDLE_IDENTIFIER = jeewan.demoUITests;
				PRODUCT_NAME = "$(TARGET_NAME)";
				TEST_TARGET_NAME = demo;
			};
			name = Release;
		};
/* End XCBuildConfiguration section */

/* Begin XCConfigurationList section */
		09F421461E6FA630008E91A5 /* Build configuration list for PBXProject "demo" */ = {
			isa = XCConfigurationList;
			buildConfigurations = (
				09F421791E6FA630008E91A5 /* Debug */,
				09F4217A1E6FA630008E91A5 /* Release */,
			);
			defaultConfigurationIsVisible = 0;
			defaultConfigurationName = Release;
		};
		09F4217B1E6FA630008E91A5 /* Build configuration list for PBXNativeTarget "demo" */ = {
			isa = XCConfigurationList;
			buildConfigurations = (
				09F4217C1E6FA630008E91A5 /* Debug */,
				09F4217D1E6FA630008E91A5 /* Release */,
			);
			defaultConfigurationIsVisible = 0;
		};
		09F4217E1E6FA630008E91A5 /* Build configuration list for PBXNativeTarget "demoTests" */ = {
			isa = XCConfigurationList;
			buildConfigurations = (
				09F4217F1E6FA630008E91A5 /* Debug */,
				09F421801E6FA630008E91A5 /* Release */,
			);
			defaultConfigurationIsVisible = 0;
		};
		09F421811E6FA630008E91A5 /* Build configuration list for PBXNativeTarget "demoUITests" */ = {
			isa = XCConfigurationList;
			buildConfigurations = (
				09F421821E6FA630008E91A5 /* Debug */,
				09F421831E6FA630008E91A5 /* Release */,
			);
			defaultConfigurationIsVisible = 0;
		};
/* End XCConfigurationList section */

/* Begin XCVersionGroup section */
		09F4215A1E6FA630008E91A5 /* demo.xcdatamodeld */ = {
			isa = XCVersionGroup;
			children = (
				09F4215B1E6FA630008E91A5 /* demo.xcdatamodel */,
			);
			currentVersion = 09F4215B1E6FA630008E91A5 /* demo.xcdatamodel */;
			path = demo.xcdatamodeld;
			sourceTree = "<group>";
			versionGroupType = wrapper.xcdatamodel;
		};
/* End XCVersionGroup section */
	};
	rootObject = 09F421431E6FA630008E91A5 /* Project object */;
}
